
Microsoft Visual Studio Solution File, Format Version 12.00
# Visual Studio Version 17
VisualStudioVersion = 17.4.33110.190
MinimumVisualStudioVersion = 10.0.40219.1
Project("{FAE04EC0-301F-11D3-BF4B-00C04F79EFBC}") = "CustomExceptionExample", "CustomExceptionExample\CustomExceptionExample.csproj", "{40676EC9-055E-46FD-8D6F-CFD042AC28EA}"
EndProject
Global
	GlobalSection(SolutionConfigurationPlatforms) = preSolution
		Debug|Any CPU = Debug|Any CPU
		Release|Any CPU = Release|Any CPU
	EndGlobalSection
	GlobalSection(ProjectConfigurationPlatforms) = postSolution
		{40676EC9-055E-46FD-8D6F-CFD042AC28EA}.Debug|Any CPU.ActiveCfg = Debug|Any CPU
		{40676EC9-055E-46FD-8D6F-CFD042AC28EA}.Debug|Any CPU.Build.0 = Debug|Any CPU
		{40676EC9-055E-46FD-8D6F-CFD042AC28EA}.Release|Any CPU.ActiveCfg = Release|Any CPU
		{40676EC9-055E-46FD-8D6F-CFD042AC28EA}.Release|Any CPU.Build.0 = Release|Any CPU
	EndGlobalSection
	GlobalSection(SolutionProperties) = preSolution
		HideSolutionNode = FALSE
	EndGlobalSection
	GlobalSection(ExtensibilityGlobals) = postSolution
		SolutionGuid = {AC2F7D1A-2028-48DD-976B-7947AC5972A6}
	EndGlobalSection
EndGlobal
